{
  "nodes": {
    "home-manager": {
      "inputs": {
        "nixpkgs": [
          "nixpkgs"
        ]
      },
      "locked": {
        "lastModified": 1746369725,
        "narHash": "sha256-m3ai7LLFYsymMK0uVywCceWfUhP0k3CALyFOfcJACqE=",
        "owner": "nix-community",
        "repo": "home-manager",
        "rev": "1a1793f6d940d22c6e49753548c5b6cb7dc5545d",
        "type": "github"
      },
      "original": {
        "owner": "nix-community",
        "repo": "home-manager",
        "type": "github"
      }
    },
    "nixpkgs": {
      "locked": {
        "lastModified": 1746152631,
        "narHash": "sha256-zBuvmL6+CUsk2J8GINpyy8Hs1Zp4PP6iBWSmZ4SCQ/s=",
        "owner": "nixos",
        "repo": "nixpkgs",
        "rev": "032bc6539bd5f14e9d0c51bd79cfe9a055b094c3",
        "type": "github"
      },
      "original": {
        "owner": "nixos",
        "ref": "nixpkgs-unstable",
        "repo": "nixpkgs",
        "type": "github"
      }
    },
    "root": {
      "inputs": {
        "home-manager": "home-manager",
        "nixpkgs": "nixpkgs"
      }
    }
  },
  "root": "root",
  "version": 7
}
